
Microsoft Visual Studio Solution File, Format Version 12.00
# Visual Studio Version 17
VisualStudioVersion = 17.3.32819.101
MinimumVisualStudioVersion = 10.0.40219.1
Project("{FAE04EC0-301F-11D3-BF4B-00C04F79EFBC}") = "Lesson12.Code", "Lesson12.Code\Lesson12.Code.csproj", "{F27A3CAB-737E-4604-B698-D5564199DC57}"
EndProject
Project("{9A19103F-16F7-4668-BE54-9A1E7A4F7556}") = "Lesson9.Code", "..\Lesson9\Lesson9.Code\Lesson9.Code.csproj", "{9AE44190-0E2E-4E77-B210-C8091C82AC01}"
EndProject
Project("{9A19103F-16F7-4668-BE54-9A1E7A4F7556}") = "Lesson5.Code", "..\Lesson5\Lesson5.Code\Lesson5.Code.csproj", "{7C29B570-6916-4CDE-ABE7-BB1C7EAB74A0}"
EndProject
Project("{FAE04EC0-301F-11D3-BF4B-00C04F79EFBC}") = "Lesson12.Example", "Lesson12.Example\Lesson12.Example.csproj", "{215FF836-D7A7-43E3-B489-DA51464CE73C}"
EndProject
Project("{FAE04EC0-301F-11D3-BF4B-00C04F79EFBC}") = "Lesson12.Tests", "Lesson12.Tests\Lesson12.Tests.csproj", "{9EF33C78-BF26-4361-9D6F-C0CA801EE7EF}"
EndProject
Global
	GlobalSection(SolutionConfigurationPlatforms) = preSolution
		Debug|Any CPU = Debug|Any CPU
		Release|Any CPU = Release|Any CPU
	EndGlobalSection
	GlobalSection(ProjectConfigurationPlatforms) = postSolution
		{F27A3CAB-737E-4604-B698-D5564199DC57}.Debug|Any CPU.ActiveCfg = Debug|Any CPU
		{F27A3CAB-737E-4604-B698-D5564199DC57}.Debug|Any CPU.Build.0 = Debug|Any CPU
		{F27A3CAB-737E-4604-B698-D5564199DC57}.Release|Any CPU.ActiveCfg = Release|Any CPU
		{F27A3CAB-737E-4604-B698-D5564199DC57}.Release|Any CPU.Build.0 = Release|Any CPU
		{9AE44190-0E2E-4E77-B210-C8091C82AC01}.Debug|Any CPU.ActiveCfg = Debug|Any CPU
		{9AE44190-0E2E-4E77-B210-C8091C82AC01}.Debug|Any CPU.Build.0 = Debug|Any CPU
		{9AE44190-0E2E-4E77-B210-C8091C82AC01}.Release|Any CPU.ActiveCfg = Release|Any CPU
		{9AE44190-0E2E-4E77-B210-C8091C82AC01}.Release|Any CPU.Build.0 = Release|Any CPU
		{7C29B570-6916-4CDE-ABE7-BB1C7EAB74A0}.Debug|Any CPU.ActiveCfg = Debug|Any CPU
		{7C29B570-6916-4CDE-ABE7-BB1C7EAB74A0}.Debug|Any CPU.Build.0 = Debug|Any CPU
		{7C29B570-6916-4CDE-ABE7-BB1C7EAB74A0}.Release|Any CPU.ActiveCfg = Release|Any CPU
		{7C29B570-6916-4CDE-ABE7-BB1C7EAB74A0}.Release|Any CPU.Build.0 = Release|Any CPU
		{215FF836-D7A7-43E3-B489-DA51464CE73C}.Debug|Any CPU.ActiveCfg = Debug|Any CPU
		{215FF836-D7A7-43E3-B489-DA51464CE73C}.Debug|Any CPU.Build.0 = Debug|Any CPU
		{215FF836-D7A7-43E3-B489-DA51464CE73C}.Release|Any CPU.ActiveCfg = Release|Any CPU
		{215FF836-D7A7-43E3-B489-DA51464CE73C}.Release|Any CPU.Build.0 = Release|Any CPU
		{9EF33C78-BF26-4361-9D6F-C0CA801EE7EF}.Debug|Any CPU.ActiveCfg = Debug|Any CPU
		{9EF33C78-BF26-4361-9D6F-C0CA801EE7EF}.Debug|Any CPU.Build.0 = Debug|Any CPU
		{9EF33C78-BF26-4361-9D6F-C0CA801EE7EF}.Release|Any CPU.ActiveCfg = Release|Any CPU
		{9EF33C78-BF26-4361-9D6F-C0CA801EE7EF}.Release|Any CPU.Build.0 = Release|Any CPU
	EndGlobalSection
	GlobalSection(SolutionProperties) = preSolution
		HideSolutionNode = FALSE
	EndGlobalSection
	GlobalSection(ExtensibilityGlobals) = postSolution
		SolutionGuid = {4A969F92-BD42-48EF-A110-98E2E87B81E9}
	EndGlobalSection
EndGlobal
